{
    "name": "majijej-toolbox-server",
    "version": "0.1.0",
    "lockfileVersion": 2,
    "requires": true,
    "packages": {
        "": {
            "name": "majijej-toolbox-server",
            "version": "0.1.0",
            "devDependencies": {},
            "engines": {
                "node": "16.x"
            }
        }
    }
}
